
Microsoft Visual Studio Solution File, Format Version 12.00
# Visual Studio Version 16
VisualStudioVersion = 16.0.28803.452
MinimumVisualStudioVersion = 10.0.40219.1
Project("{FAE04EC0-301F-11D3-BF4B-00C04F79EFBC}") = "Kata2019", "Kata2019\Kata2019.csproj", "{CDCE61B5-9558-460F-BA2F-EC4E8C757831}"
EndProject
Project("{FAE04EC0-301F-11D3-BF4B-00C04F79EFBC}") = "Kata2019Tests", "Kata2019Tests\Kata2019Tests\Kata2019Tests.csproj", "{C5DA367A-4CCE-4BAF-9664-0CA9F54E1B61}"
EndProject
Global
	GlobalSection(SolutionConfigurationPlatforms) = preSolution
		Debug|Any CPU = Debug|Any CPU
		Release|Any CPU = Release|Any CPU
	EndGlobalSection
	GlobalSection(ProjectConfigurationPlatforms) = postSolution
		{CDCE61B5-9558-460F-BA2F-EC4E8C757831}.Debug|Any CPU.ActiveCfg = Debug|Any CPU
		{CDCE61B5-9558-460F-BA2F-EC4E8C757831}.Debug|Any CPU.Build.0 = Debug|Any CPU
		{CDCE61B5-9558-460F-BA2F-EC4E8C757831}.Release|Any CPU.ActiveCfg = Release|Any CPU
		{CDCE61B5-9558-460F-BA2F-EC4E8C757831}.Release|Any CPU.Build.0 = Release|Any CPU
		{C5DA367A-4CCE-4BAF-9664-0CA9F54E1B61}.Debug|Any CPU.ActiveCfg = Debug|Any CPU
		{C5DA367A-4CCE-4BAF-9664-0CA9F54E1B61}.Debug|Any CPU.Build.0 = Debug|Any CPU
		{C5DA367A-4CCE-4BAF-9664-0CA9F54E1B61}.Release|Any CPU.ActiveCfg = Release|Any CPU
		{C5DA367A-4CCE-4BAF-9664-0CA9F54E1B61}.Release|Any CPU.Build.0 = Release|Any CPU
	EndGlobalSection
	GlobalSection(SolutionProperties) = preSolution
		HideSolutionNode = FALSE
	EndGlobalSection
	GlobalSection(ExtensibilityGlobals) = postSolution
		SolutionGuid = {2B9A3AF0-7D54-42CA-A11D-3F629080AD4F}
	EndGlobalSection
EndGlobal
